
Microsoft Visual Studio Solution File, Format Version 12.00
# Visual Studio Version 16
VisualStudioVersion = 16.0.29424.173
MinimumVisualStudioVersion = 10.0.40219.1
Project("{FAE04EC0-301F-11D3-BF4B-00C04F79EFBC}") = "Integration", "Integration\Integration.csproj", "{4B960DD6-9CE4-4E61-B41B-18226C8FC42B}"
EndProject
Global
	GlobalSection(SolutionConfigurationPlatforms) = preSolution
		Debug|Any CPU = Debug|Any CPU
		Release|Any CPU = Release|Any CPU
	EndGlobalSection
	GlobalSection(ProjectConfigurationPlatforms) = postSolution
		{4B960DD6-9CE4-4E61-B41B-18226C8FC42B}.Debug|Any CPU.ActiveCfg = Debug|Any CPU
		{4B960DD6-9CE4-4E61-B41B-18226C8FC42B}.Debug|Any CPU.Build.0 = Debug|Any CPU
		{4B960DD6-9CE4-4E61-B41B-18226C8FC42B}.Release|Any CPU.ActiveCfg = Release|Any CPU
		{4B960DD6-9CE4-4E61-B41B-18226C8FC42B}.Release|Any CPU.Build.0 = Release|Any CPU
	EndGlobalSection
	GlobalSection(SolutionProperties) = preSolution
		HideSolutionNode = FALSE
	EndGlobalSection
	GlobalSection(ExtensibilityGlobals) = postSolution
		SolutionGuid = {186A89D9-F047-4CF6-A697-E87D81DA8506}
	EndGlobalSection
EndGlobal
